{
  "name": "assymetric-encryption",
  "version": "1.0.0",
  "lockfileVersion": 1,
  "requires": true,
  "dependencies": {
    "@types/big-integer": {
      "version": "0.0.31",
      "resolved": "https://registry.npmjs.org/@types/big-integer/-/big-integer-0.0.31.tgz",
      "integrity": "sha512-nYrYenHwC07vTBXoQ8jUUi6sednNYHGQxh0ecvfWm46n3djgxxbe7AZIJVaGjzQaEQVEcH6KmB6VMt//vAP0AA==",
      "dev": true,
      "requires": {
        "big-integer": "*"
      }
    },
    "@types/node": {
      "version": "11.11.6",
      "resolved": "https://registry.npmjs.org/@types/node/-/node-11.11.6.tgz",
      "integrity": "sha512-Exw4yUWMBXM3X+8oqzJNRqZSwUAaS4+7NdvHqQuFi/d+synz++xmX3QIf+BFqneW8N31R8Ky+sikfZUXq07ggQ==",
      "dev": true
    },
    "@types/node-rsa": {
      "version": "1.0.0",
      "resolved": "https://registry.npmjs.org/@types/node-rsa/-/node-rsa-1.0.0.tgz",
      "integrity": "sha512-9hTSXhGDKotpq5XCm+r7wMgt5gl6bGH6VS/sV9bsKda4JmJYyOCdTenSkTUh7zsOihm2oCm5o2ZdfpUIGYKLzQ==",
      "dev": true,
      "requires": {
        "@types/node": "*"
      }
    },
    "arrify": {
      "version": "1.0.1",
      "resolved": "https://registry.npmjs.org/arrify/-/arrify-1.0.1.tgz",
      "integrity": "sha1-iYUI2iIm84DfkEcoRWhJwVAaSw0=",
      "dev": true
    },
    "assert-error": {
      "version": "1.0.3",
      "resolved": "https://registry.npmjs.org/assert-error/-/assert-error-1.0.3.tgz",
      "integrity": "sha1-ReesJZtc7gOVOthHnEeNm0zLNBs="
    },
    "base-conversion": {
      "version": "3.3.0",
      "resolved": "https://registry.npmjs.org/base-conversion/-/base-conversion-3.3.0.tgz",
      "integrity": "sha1-XPNs92QsYv6SpYjGZKolQEdnqYM=",
      "requires": {
        "base-conversion-from-dec": "^2.0.0",
        "base-conversion-to-dec": "^2.0.0",
        "core-arbitrary-precision": "^2.1.0",
        "div-arbitrary-precision": "^1.1.0",
        "floating-adapter": "^1.3.0",
        "mod-arbitrary-precision": "^1.1.0",
        "plus-arbitrary-precision": "^1.1.0",
        "pow-arbitrary-precision": "^2.1.0",
        "ramda": "^0.19.1",
        "string-translate": "^1.0.0",
        "times-arbitrary-precision": "^1.1.0",
        "to-decimal-arbitrary-precision": "^1.0.2"
      }
    },
    "base-conversion-from-dec": {
      "version": "2.2.0",
      "resolved": "https://registry.npmjs.org/base-conversion-from-dec/-/base-conversion-from-dec-2.2.0.tgz",
      "integrity": "sha1-WRFF4tvhywZ3D6Miwq3cSnA0iHY=",
      "requires": {
        "core-arbitrary-precision": "^2.1.0",
        "div-arbitrary-precision": "^1.1.0",
        "floating-adapter": "^1.3.0",
        "mod-arbitrary-precision": "^1.1.0",
        "positional-notation": "^2.0.0",
        "ramda": "^0.19.1",
        "to-decimal-arbitrary-precision": "^1.0.2"
      }
    },
    "base-conversion-to-dec": {
      "version": "2.3.0",
      "resolved": "https://registry.npmjs.org/base-conversion-to-dec/-/base-conversion-to-dec-2.3.0.tgz",
      "integrity": "sha1-jE5jfERgoJSboasfDVK8rnq8ZW8=",
      "requires": {
        "core-arbitrary-precision": "^2.1.0",
        "floating-adapter": "^1.3.0",
        "plus-arbitrary-precision": "^1.1.0",
        "positional-notation": "^2.0.0",
        "pow-arbitrary-precision": "^2.1.0",
        "ramda": "^0.19.1",
        "times-arbitrary-precision": "^1.1.0",
        "to-decimal-arbitrary-precision": "^1.0.2"
      }
    },
    "big-integer": {
      "version": "1.6.43",
      "resolved": "https://registry.npmjs.org/big-integer/-/big-integer-1.6.43.tgz",
      "integrity": "sha512-9dULc9jsKmXl0Aeunug8wbF+58n+hQoFjqClN7WeZwGLh0XJUWyJJ9Ee+Ep+Ql/J9fRsTVaeThp8MhiCCrY0Jg=="
    },
    "binary-op-arbitrary-precision": {
      "version": "1.4.0",
      "resolved": "https://registry.npmjs.org/binary-op-arbitrary-precision/-/binary-op-arbitrary-precision-1.4.0.tgz",
      "integrity": "sha1-jktWUU9Af3WaeZm71oawVNA9ydE=",
      "requires": {
        "lodash.identity": "^3.0.0",
        "lodash.isundefined": "^3.0.1",
        "unsupported": "^1.1.0"
      }
    },
    "binstring": {
      "version": "0.2.1",
      "resolved": "https://registry.npmjs.org/binstring/-/binstring-0.2.1.tgz",
      "integrity": "sha1-ihdNMB9tVO/aVQ3Zi7TLUk6s110="
    },
    "buffer-from": {
      "version": "1.1.1",
      "resolved": "https://registry.npmjs.org/buffer-from/-/buffer-from-1.1.1.tgz",
      "integrity": "sha512-MQcXEUbCKtEo7bhqEs6560Hyd4XaovZlO/k9V3hjVUF/zwW7KBVdSK4gIt/bzwS9MbR5qob+F5jusZsb0YQK2A==",
      "dev": true
    },
    "core-arbitrary-precision": {
      "version": "2.1.0",
      "resolved": "https://registry.npmjs.org/core-arbitrary-precision/-/core-arbitrary-precision-2.1.0.tgz",
      "integrity": "sha1-+H2tNK4SPFn5kJhcPBQ/wiia0VA=",
      "requires": {
        "assert-error": "^1.0.3",
        "lodash.isstring": "^3.0.1"
      }
    },
    "diff": {
      "version": "3.5.0",
      "resolved": "https://registry.npmjs.org/diff/-/diff-3.5.0.tgz",
      "integrity": "sha512-A46qtFgd+g7pDZinpnwiRJtxbC1hpgf0uzP3iG89scHk0AUC7A1TGxf5OiiOUv/JMZR8GOt8hL900hV0bOy5xA==",
      "dev": true
    },
    "div-arbitrary-precision": {
      "version": "1.1.0",
      "resolved": "https://registry.npmjs.org/div-arbitrary-precision/-/div-arbitrary-precision-1.1.0.tgz",
      "integrity": "sha1-d9llVd7Yx/DkchoZmWCF2keLjlc=",
      "requires": {
        "binary-op-arbitrary-precision": "^1.0.0"
      }
    },
    "floating": {
      "version": "2.0.0",
      "resolved": "https://registry.npmjs.org/floating/-/floating-2.0.0.tgz",
      "integrity": "sha1-GntzoOn8HH5b8mB7fPn29MN++2c="
    },
    "floating-adapter": {
      "version": "1.4.1",
      "resolved": "https://registry.npmjs.org/floating-adapter/-/floating-adapter-1.4.1.tgz",
      "integrity": "sha1-oxM+poScCsf67BvnZYb36zgz3og=",
      "requires": {
        "floating": "^2.0.0"
      }
    },
    "hex-string": {
      "version": "1.0.3",
      "resolved": "https://registry.npmjs.org/hex-string/-/hex-string-1.0.3.tgz",
      "integrity": "sha512-nnSDAUKRJ+LZwt44GCwu/JIkFr2gYB6RMX7toUlx3RAOLn/gfiLVQjSovlgTzTu7zxBPUzAme/0MPHR0kMGQ8g==",
      "dev": true
    },
    "lodash.identity": {
      "version": "3.0.0",
      "resolved": "https://registry.npmjs.org/lodash.identity/-/lodash.identity-3.0.0.tgz",
      "integrity": "sha1-rXvGpOZH15yXLhuA/u968VYmeHY="
    },
    "lodash.isstring": {
      "version": "3.0.1",
      "resolved": "https://registry.npmjs.org/lodash.isstring/-/lodash.isstring-3.0.1.tgz",
      "integrity": "sha1-QWOJROoELvZ61nwpOqVB0/PW5Tw="
    },
    "lodash.isundefined": {
      "version": "3.0.1",
      "resolved": "https://registry.npmjs.org/lodash.isundefined/-/lodash.isundefined-3.0.1.tgz",
      "integrity": "sha1-I+89lTVWUgOmbO/VuDD4SJEa+0g="
    },
    "make-error": {
      "version": "1.3.5",
      "resolved": "https://registry.npmjs.org/make-error/-/make-error-1.3.5.tgz",
      "integrity": "sha512-c3sIjNUow0+8swNwVpqoH4YCShKNFkMaw6oH1mNS2haDZQqkeZFlHS3dhoeEbKKmJB4vXpJucU6oH75aDYeE9g==",
      "dev": true
    },
    "minimist": {
      "version": "1.2.0",
      "resolved": "http://registry.npmjs.org/minimist/-/minimist-1.2.0.tgz",
      "integrity": "sha1-o1AIsg9BOD7sH7kU9M1d95omQoQ=",
      "dev": true
    },
    "mkdirp": {
      "version": "0.5.1",
      "resolved": "http://registry.npmjs.org/mkdirp/-/mkdirp-0.5.1.tgz",
      "integrity": "sha1-MAV0OOrGz3+MR2fzhkjWaX11yQM=",
      "dev": true,
      "requires": {
        "minimist": "0.0.8"
      },
      "dependencies": {
        "minimist": {
          "version": "0.0.8",
          "resolved": "http://registry.npmjs.org/minimist/-/minimist-0.0.8.tgz",
          "integrity": "sha1-hX/Kv8M5fSYluCKCYuhqp6ARsF0=",
          "dev": true
        }
      }
    },
    "mod-arbitrary-precision": {
      "version": "1.1.0",
      "resolved": "https://registry.npmjs.org/mod-arbitrary-precision/-/mod-arbitrary-precision-1.1.0.tgz",
      "integrity": "sha1-bME9JK0PQKazkgN44fNelVJwtxU=",
      "requires": {
        "binary-op-arbitrary-precision": "^1.1.4"
      }
    },
    "plus-arbitrary-precision": {
      "version": "1.1.0",
      "resolved": "https://registry.npmjs.org/plus-arbitrary-precision/-/plus-arbitrary-precision-1.1.0.tgz",
      "integrity": "sha1-QBJA4Zj/OXC7pKQoZ61sdt8ysv0=",
      "requires": {
        "binary-op-arbitrary-precision": "^1.0.0"
      }
    },
    "positional-notation": {
      "version": "2.0.0",
      "resolved": "https://registry.npmjs.org/positional-notation/-/positional-notation-2.0.0.tgz",
      "integrity": "sha1-VieG4/D2vGTbNrquzcFxD71GCgA=",
      "requires": {
        "core-arbitrary-precision": "^2.1.0",
        "floating-adapter": "^1.3.0",
        "pow-arbitrary-precision": "^2.1.0",
        "ramda": "^0.19.1",
        "times-arbitrary-precision": "^1.1.0",
        "to-decimal-arbitrary-precision": "^1.0.2"
      }
    },
    "pow-arbitrary-precision": {
      "version": "2.1.0",
      "resolved": "https://registry.npmjs.org/pow-arbitrary-precision/-/pow-arbitrary-precision-2.1.0.tgz",
      "integrity": "sha1-nfcaVaIuzytzn8lDxf18BCZzPGw=",
      "requires": {
        "binary-op-arbitrary-precision": "^1.0.0"
      }
    },
    "ramda": {
      "version": "0.19.1",
      "resolved": "https://registry.npmjs.org/ramda/-/ramda-0.19.1.tgz",
      "integrity": "sha1-icStaXJl/2sfrOnyhkOeJSDWZ5w="
    },
    "source-map": {
      "version": "0.6.1",
      "resolved": "https://registry.npmjs.org/source-map/-/source-map-0.6.1.tgz",
      "integrity": "sha512-UjgapumWlbMhkBgzT7Ykc5YXUT46F0iKu8SGXq0bcwP5dz/h0Plj6enJqjz1Zbq2l5WaqYnrVbwWOWMyF3F47g==",
      "dev": true
    },
    "source-map-support": {
      "version": "0.5.9",
      "resolved": "https://registry.npmjs.org/source-map-support/-/source-map-support-0.5.9.tgz",
      "integrity": "sha512-gR6Rw4MvUlYy83vP0vxoVNzM6t8MUXqNuRsuBmBHQDu1Fh6X015FrLdgoDKcNdkwGubozq0P4N0Q37UyFVr1EA==",
      "dev": true,
      "requires": {
        "buffer-from": "^1.0.0",
        "source-map": "^0.6.0"
      }
    },
    "string-translate": {
      "version": "1.1.1",
      "resolved": "https://registry.npmjs.org/string-translate/-/string-translate-1.1.1.tgz",
      "integrity": "sha1-4dmIXVil0rV7cCwHL47epolBy8E=",
      "requires": {
        "ramda": "^0.19.1"
      }
    },
    "times-arbitrary-precision": {
      "version": "1.1.0",
      "resolved": "https://registry.npmjs.org/times-arbitrary-precision/-/times-arbitrary-precision-1.1.0.tgz",
      "integrity": "sha1-nf6avVBk0Ei4nrOW74SmElyCdCY=",
      "requires": {
        "binary-op-arbitrary-precision": "^1.0.0"
      }
    },
    "to-decimal-arbitrary-precision": {
      "version": "1.0.2",
      "resolved": "https://registry.npmjs.org/to-decimal-arbitrary-precision/-/to-decimal-arbitrary-precision-1.0.2.tgz",
      "integrity": "sha1-yfaEneP8j+2oFXNTFREtkA//rhU="
    },
    "ts-node": {
      "version": "7.0.1",
      "resolved": "https://registry.npmjs.org/ts-node/-/ts-node-7.0.1.tgz",
      "integrity": "sha512-BVwVbPJRspzNh2yfslyT1PSbl5uIk03EZlb493RKHN4qej/D06n1cEhjlOJG69oFsE7OT8XjpTUcYf6pKTLMhw==",
      "dev": true,
      "requires": {
        "arrify": "^1.0.0",
        "buffer-from": "^1.1.0",
        "diff": "^3.1.0",
        "make-error": "^1.1.1",
        "minimist": "^1.2.0",
        "mkdirp": "^0.5.1",
        "source-map-support": "^0.5.6",
        "yn": "^2.0.0"
      }
    },
    "tweetnacl-util": {
      "version": "0.15.0",
      "resolved": "https://registry.npmjs.org/tweetnacl-util/-/tweetnacl-util-0.15.0.tgz",
      "integrity": "sha1-RXbBzuXi1j0gf+5S8boCgZSAvHU="
    },
    "typescript": {
      "version": "3.3.4000",
      "resolved": "https://registry.npmjs.org/typescript/-/typescript-3.3.4000.tgz",
      "integrity": "sha512-jjOcCZvpkl2+z7JFn0yBOoLQyLoIkNZAs/fYJkUG6VKy6zLPHJGfQJYFHzibB6GJaF/8QrcECtlQ5cpvRHSMEA==",
      "dev": true
    },
    "unsupported": {
      "version": "1.1.0",
      "resolved": "https://registry.npmjs.org/unsupported/-/unsupported-1.1.0.tgz",
      "integrity": "sha1-xYeJryig4/tFzLJzSjCt0Umn9Nw=",
      "requires": {
        "lodash.isundefined": "^3.0.1"
      }
    },
    "utf8": {
      "version": "3.0.0",
      "resolved": "https://registry.npmjs.org/utf8/-/utf8-3.0.0.tgz",
      "integrity": "sha512-E8VjFIQ/TyQgp+TZfS6l8yp/xWppSAHzidGiRrqe4bK4XP9pTRyKFgGJpO3SN7zdX4DeomTrwaseCHovfpFcqQ=="
    },
    "yn": {
      "version": "2.0.0",
      "resolved": "https://registry.npmjs.org/yn/-/yn-2.0.0.tgz",
      "integrity": "sha1-5a2ryKz0CPY4X8dklWhMiOavaJo=",
      "dev": true
    }
  }
}
